
Microsoft Visual Studio Solution File, Format Version 12.00
# Visual Studio 15
VisualStudioVersion = 15.0.28307.705
MinimumVisualStudioVersion = 10.0.40219.1
Project("{FAE04EC0-301F-11D3-BF4B-00C04F79EFBC}") = "DpHw-5.Observer", "DpHw-5.Observer\DpHw-5.Observer.csproj", "{D7AEC905-A4EA-44FE-8D0A-8ECC049F7617}"
EndProject
Project("{FAE04EC0-301F-11D3-BF4B-00C04F79EFBC}") = "DpHw-5.Strategy", "DpHw-5.Strategy\DpHw-5.Strategy.csproj", "{AA1E0898-7A61-4570-BB65-4E8BD1303ED5}"
EndProject
Global
	GlobalSection(SolutionConfigurationPlatforms) = preSolution
		Debug|Any CPU = Debug|Any CPU
		Release|Any CPU = Release|Any CPU
	EndGlobalSection
	GlobalSection(ProjectConfigurationPlatforms) = postSolution
		{D7AEC905-A4EA-44FE-8D0A-8ECC049F7617}.Debug|Any CPU.ActiveCfg = Debug|Any CPU
		{D7AEC905-A4EA-44FE-8D0A-8ECC049F7617}.Debug|Any CPU.Build.0 = Debug|Any CPU
		{D7AEC905-A4EA-44FE-8D0A-8ECC049F7617}.Release|Any CPU.ActiveCfg = Release|Any CPU
		{D7AEC905-A4EA-44FE-8D0A-8ECC049F7617}.Release|Any CPU.Build.0 = Release|Any CPU
		{AA1E0898-7A61-4570-BB65-4E8BD1303ED5}.Debug|Any CPU.ActiveCfg = Debug|Any CPU
		{AA1E0898-7A61-4570-BB65-4E8BD1303ED5}.Debug|Any CPU.Build.0 = Debug|Any CPU
		{AA1E0898-7A61-4570-BB65-4E8BD1303ED5}.Release|Any CPU.ActiveCfg = Release|Any CPU
		{AA1E0898-7A61-4570-BB65-4E8BD1303ED5}.Release|Any CPU.Build.0 = Release|Any CPU
	EndGlobalSection
	GlobalSection(SolutionProperties) = preSolution
		HideSolutionNode = FALSE
	EndGlobalSection
	GlobalSection(ExtensibilityGlobals) = postSolution
		SolutionGuid = {C71F04B2-52D5-4362-9727-A512E352F091}
	EndGlobalSection
EndGlobal
